
Microsoft Visual Studio Solution File, Format Version 12.00
# Visual Studio Version 16
VisualStudioVersion = 16.0.29728.190
MinimumVisualStudioVersion = 10.0.40219.1
Project("{9A19103F-16F7-4668-BE54-9A1E7A4F7556}") = "SmartCacheManager", "SmartCacheManager\SmartCacheManager.csproj", "{63C5D207-EA57-4D54-9FA9-70D282952465}"
EndProject
Project("{9A19103F-16F7-4668-BE54-9A1E7A4F7556}") = "SmartCacheManager.Dashboard", "SmartCacheManager.Dashboard\SmartCacheManager.Dashboard.csproj", "{5857EF7F-68DE-4E40-8562-AFB2F1731ADE}"
EndProject
Project("{9A19103F-16F7-4668-BE54-9A1E7A4F7556}") = "SmartCacheManager.Tests", "SmartCacheManager.Tests\SmartCacheManager.Tests.csproj", "{994BF574-8D91-4BF9-B48C-710FB8D1594A}"
EndProject
Global
	GlobalSection(SolutionConfigurationPlatforms) = preSolution
		Debug|Any CPU = Debug|Any CPU
		Release|Any CPU = Release|Any CPU
	EndGlobalSection
	GlobalSection(ProjectConfigurationPlatforms) = postSolution
		{63C5D207-EA57-4D54-9FA9-70D282952465}.Debug|Any CPU.ActiveCfg = Debug|Any CPU
		{63C5D207-EA57-4D54-9FA9-70D282952465}.Debug|Any CPU.Build.0 = Debug|Any CPU
		{63C5D207-EA57-4D54-9FA9-70D282952465}.Release|Any CPU.ActiveCfg = Release|Any CPU
		{63C5D207-EA57-4D54-9FA9-70D282952465}.Release|Any CPU.Build.0 = Release|Any CPU
		{5857EF7F-68DE-4E40-8562-AFB2F1731ADE}.Debug|Any CPU.ActiveCfg = Debug|Any CPU
		{5857EF7F-68DE-4E40-8562-AFB2F1731ADE}.Debug|Any CPU.Build.0 = Debug|Any CPU
		{5857EF7F-68DE-4E40-8562-AFB2F1731ADE}.Release|Any CPU.ActiveCfg = Release|Any CPU
		{5857EF7F-68DE-4E40-8562-AFB2F1731ADE}.Release|Any CPU.Build.0 = Release|Any CPU
		{994BF574-8D91-4BF9-B48C-710FB8D1594A}.Debug|Any CPU.ActiveCfg = Debug|Any CPU
		{994BF574-8D91-4BF9-B48C-710FB8D1594A}.Debug|Any CPU.Build.0 = Debug|Any CPU
		{994BF574-8D91-4BF9-B48C-710FB8D1594A}.Release|Any CPU.ActiveCfg = Release|Any CPU
		{994BF574-8D91-4BF9-B48C-710FB8D1594A}.Release|Any CPU.Build.0 = Release|Any CPU
	EndGlobalSection
	GlobalSection(SolutionProperties) = preSolution
		HideSolutionNode = FALSE
	EndGlobalSection
	GlobalSection(ExtensibilityGlobals) = postSolution
		SolutionGuid = {97E3E481-8547-480C-B591-7119B53D6AD2}
	EndGlobalSection
EndGlobal
